
Microsoft Visual Studio Solution File, Format Version 12.00
# Visual Studio Version 16
VisualStudioVersion = 25.0.1706.14
MinimumVisualStudioVersion = 10.0.40219.1
Project("{FAE04EC0-301F-11D3-BF4B-00C04F79EFBC}") = "TruVideoCameraiOSBinding", "TruVideoCameraiOSBinding\TruVideoCameraiOSBinding.csproj", "{2B8DF211-2B54-41AB-BA4A-0CF060DD4364}"
EndProject
Global
	GlobalSection(SolutionConfigurationPlatforms) = preSolution
		Debug|Any CPU = Debug|Any CPU
		Release|Any CPU = Release|Any CPU
	EndGlobalSection
	GlobalSection(ProjectConfigurationPlatforms) = postSolution
		{2B8DF211-2B54-41AB-BA4A-0CF060DD4364}.Debug|Any CPU.ActiveCfg = Debug|Any CPU
		{2B8DF211-2B54-41AB-BA4A-0CF060DD4364}.Debug|Any CPU.Build.0 = Debug|Any CPU
		{2B8DF211-2B54-41AB-BA4A-0CF060DD4364}.Release|Any CPU.ActiveCfg = Release|Any CPU
		{2B8DF211-2B54-41AB-BA4A-0CF060DD4364}.Release|Any CPU.Build.0 = Release|Any CPU
	EndGlobalSection
	GlobalSection(SolutionProperties) = preSolution
		HideSolutionNode = FALSE
	EndGlobalSection
	GlobalSection(ExtensibilityGlobals) = postSolution
		SolutionGuid = {BA8C7060-FC8A-45F1-877F-C5DABB2736D0}
	EndGlobalSection
EndGlobal
