{
  "originHash" : "98ae5ebeadaa89b745c934d430a1ce14f296e4faa68e54c4f5fb4f75a6572ce7",
  "pins" : [
    {
      "identity" : "truvideo-sdk-ios-camera",
      "kind" : "remoteSourceControl",
      "location" : "https://github.com/Truvideo/truvideo-sdk-ios-camera",
      "state" : {
        "revision" : "9f4e51fa5eb3c3c3b7d0a7c7a89fbd2b97bc5a12",
        "version" : "78.1.2"
      }
    }
  ],
  "version" : 3
}
